
Microsoft Visual Studio Solution File, Format Version 12.00
# Visual Studio 15
VisualStudioVersion = 15.0.26124.0
MinimumVisualStudioVersion = 15.0.26124.0
Project("{FAE04EC0-301F-11D3-BF4B-00C04F79EFBC}") = "Hearts", "Hearts\Hearts.csproj", "{4FF472F4-D1D9-49C3-BA58-8578D82ADD73}"
EndProject
Project("{FAE04EC0-301F-11D3-BF4B-00C04F79EFBC}") = "Hearts.Tests", "Hearts.Tests\Hearts.Tests.csproj", "{D82DCA38-7D1A-44F7-B4FF-F170A0287088}"
EndProject
Project("{FAE04EC0-301F-11D3-BF4B-00C04F79EFBC}") = "HeartsApp", "HeartsApp\HeartsApp.csproj", "{C273D169-B1CB-4EEE-9C4A-9AAD9AE9F9A2}"
EndProject
Project("{FAE04EC0-301F-11D3-BF4B-00C04F79EFBC}") = "HeartsApp.Tests", "HeartsApp.Tests\HeartsApp.Tests.csproj", "{56681DFE-ED61-4E34-95DE-80DCC7E078C5}"
EndProject
Global
	GlobalSection(SolutionConfigurationPlatforms) = preSolution
		Debug|Any CPU = Debug|Any CPU
		Debug|x64 = Debug|x64
		Debug|x86 = Debug|x86
		Release|Any CPU = Release|Any CPU
		Release|x64 = Release|x64
		Release|x86 = Release|x86
	EndGlobalSection
	GlobalSection(SolutionProperties) = preSolution
		HideSolutionNode = FALSE
	EndGlobalSection
	GlobalSection(ProjectConfigurationPlatforms) = postSolution
		{4FF472F4-D1D9-49C3-BA58-8578D82ADD73}.Debug|Any CPU.ActiveCfg = Debug|Any CPU
		{4FF472F4-D1D9-49C3-BA58-8578D82ADD73}.Debug|Any CPU.Build.0 = Debug|Any CPU
		{4FF472F4-D1D9-49C3-BA58-8578D82ADD73}.Debug|x64.ActiveCfg = Debug|Any CPU
		{4FF472F4-D1D9-49C3-BA58-8578D82ADD73}.Debug|x64.Build.0 = Debug|Any CPU
		{4FF472F4-D1D9-49C3-BA58-8578D82ADD73}.Debug|x86.ActiveCfg = Debug|Any CPU
		{4FF472F4-D1D9-49C3-BA58-8578D82ADD73}.Debug|x86.Build.0 = Debug|Any CPU
		{4FF472F4-D1D9-49C3-BA58-8578D82ADD73}.Release|Any CPU.ActiveCfg = Release|Any CPU
		{4FF472F4-D1D9-49C3-BA58-8578D82ADD73}.Release|Any CPU.Build.0 = Release|Any CPU
		{4FF472F4-D1D9-49C3-BA58-8578D82ADD73}.Release|x64.ActiveCfg = Release|Any CPU
		{4FF472F4-D1D9-49C3-BA58-8578D82ADD73}.Release|x64.Build.0 = Release|Any CPU
		{4FF472F4-D1D9-49C3-BA58-8578D82ADD73}.Release|x86.ActiveCfg = Release|Any CPU
		{4FF472F4-D1D9-49C3-BA58-8578D82ADD73}.Release|x86.Build.0 = Release|Any CPU
		{D82DCA38-7D1A-44F7-B4FF-F170A0287088}.Debug|Any CPU.ActiveCfg = Debug|Any CPU
		{D82DCA38-7D1A-44F7-B4FF-F170A0287088}.Debug|Any CPU.Build.0 = Debug|Any CPU
		{D82DCA38-7D1A-44F7-B4FF-F170A0287088}.Debug|x64.ActiveCfg = Debug|Any CPU
		{D82DCA38-7D1A-44F7-B4FF-F170A0287088}.Debug|x64.Build.0 = Debug|Any CPU
		{D82DCA38-7D1A-44F7-B4FF-F170A0287088}.Debug|x86.ActiveCfg = Debug|Any CPU
		{D82DCA38-7D1A-44F7-B4FF-F170A0287088}.Debug|x86.Build.0 = Debug|Any CPU
		{D82DCA38-7D1A-44F7-B4FF-F170A0287088}.Release|Any CPU.ActiveCfg = Release|Any CPU
		{D82DCA38-7D1A-44F7-B4FF-F170A0287088}.Release|Any CPU.Build.0 = Release|Any CPU
		{D82DCA38-7D1A-44F7-B4FF-F170A0287088}.Release|x64.ActiveCfg = Release|Any CPU
		{D82DCA38-7D1A-44F7-B4FF-F170A0287088}.Release|x64.Build.0 = Release|Any CPU
		{D82DCA38-7D1A-44F7-B4FF-F170A0287088}.Release|x86.ActiveCfg = Release|Any CPU
		{D82DCA38-7D1A-44F7-B4FF-F170A0287088}.Release|x86.Build.0 = Release|Any CPU
		{C273D169-B1CB-4EEE-9C4A-9AAD9AE9F9A2}.Debug|Any CPU.ActiveCfg = Debug|Any CPU
		{C273D169-B1CB-4EEE-9C4A-9AAD9AE9F9A2}.Debug|Any CPU.Build.0 = Debug|Any CPU
		{C273D169-B1CB-4EEE-9C4A-9AAD9AE9F9A2}.Debug|x64.ActiveCfg = Debug|Any CPU
		{C273D169-B1CB-4EEE-9C4A-9AAD9AE9F9A2}.Debug|x64.Build.0 = Debug|Any CPU
		{C273D169-B1CB-4EEE-9C4A-9AAD9AE9F9A2}.Debug|x86.ActiveCfg = Debug|Any CPU
		{C273D169-B1CB-4EEE-9C4A-9AAD9AE9F9A2}.Debug|x86.Build.0 = Debug|Any CPU
		{C273D169-B1CB-4EEE-9C4A-9AAD9AE9F9A2}.Release|Any CPU.ActiveCfg = Release|Any CPU
		{C273D169-B1CB-4EEE-9C4A-9AAD9AE9F9A2}.Release|Any CPU.Build.0 = Release|Any CPU
		{C273D169-B1CB-4EEE-9C4A-9AAD9AE9F9A2}.Release|x64.ActiveCfg = Release|Any CPU
		{C273D169-B1CB-4EEE-9C4A-9AAD9AE9F9A2}.Release|x64.Build.0 = Release|Any CPU
		{C273D169-B1CB-4EEE-9C4A-9AAD9AE9F9A2}.Release|x86.ActiveCfg = Release|Any CPU
		{C273D169-B1CB-4EEE-9C4A-9AAD9AE9F9A2}.Release|x86.Build.0 = Release|Any CPU
		{56681DFE-ED61-4E34-95DE-80DCC7E078C5}.Debug|Any CPU.ActiveCfg = Debug|Any CPU
		{56681DFE-ED61-4E34-95DE-80DCC7E078C5}.Debug|Any CPU.Build.0 = Debug|Any CPU
		{56681DFE-ED61-4E34-95DE-80DCC7E078C5}.Debug|x64.ActiveCfg = Debug|Any CPU
		{56681DFE-ED61-4E34-95DE-80DCC7E078C5}.Debug|x64.Build.0 = Debug|Any CPU
		{56681DFE-ED61-4E34-95DE-80DCC7E078C5}.Debug|x86.ActiveCfg = Debug|Any CPU
		{56681DFE-ED61-4E34-95DE-80DCC7E078C5}.Debug|x86.Build.0 = Debug|Any CPU
		{56681DFE-ED61-4E34-95DE-80DCC7E078C5}.Release|Any CPU.ActiveCfg = Release|Any CPU
		{56681DFE-ED61-4E34-95DE-80DCC7E078C5}.Release|Any CPU.Build.0 = Release|Any CPU
		{56681DFE-ED61-4E34-95DE-80DCC7E078C5}.Release|x64.ActiveCfg = Release|Any CPU
		{56681DFE-ED61-4E34-95DE-80DCC7E078C5}.Release|x64.Build.0 = Release|Any CPU
		{56681DFE-ED61-4E34-95DE-80DCC7E078C5}.Release|x86.ActiveCfg = Release|Any CPU
		{56681DFE-ED61-4E34-95DE-80DCC7E078C5}.Release|x86.Build.0 = Release|Any CPU
	EndGlobalSection
EndGlobal
